{
  "name": "meter-ui",
  "lockfileVersion": 2,
  "requires": true,
  "packages": {
    "": {
      "dependencies": {
        "image-capture": "^0.4.0"
      }
    },
    "node_modules/image-capture": {
      "version": "0.4.0",
      "resolved": "https://registry.npmjs.org/image-capture/-/image-capture-0.4.0.tgz",
      "integrity": "sha512-6RWTfqC4ij0AldG+6sQ51XSHTSbwfqMSjVl1GtwNBzbW4UrcfGZeB1Kn749BccvtLb04g5+jSTf1D7q3qHcxpA=="
    }
  },
  "dependencies": {
    "image-capture": {
      "version": "0.4.0",
      "resolved": "https://registry.npmjs.org/image-capture/-/image-capture-0.4.0.tgz",
      "integrity": "sha512-6RWTfqC4ij0AldG+6sQ51XSHTSbwfqMSjVl1GtwNBzbW4UrcfGZeB1Kn749BccvtLb04g5+jSTf1D7q3qHcxpA=="
    }
  }
}
